
Microsoft Visual Studio Solution File, Format Version 12.00
# Visual Studio Version 16
VisualStudioVersion = 16.0.32413.511
MinimumVisualStudioVersion = 10.0.40219.1
Project("{FAE04EC0-301F-11D3-BF4B-00C04F79EFBC}") = "101_Project", "101_Project\101_Project.csproj", "{4793F511-AEBB-4108-8E8A-64D32C8828AF}"
EndProject
Global
	GlobalSection(SolutionConfigurationPlatforms) = preSolution
		Debug|Any CPU = Debug|Any CPU
		Release|Any CPU = Release|Any CPU
	EndGlobalSection
	GlobalSection(ProjectConfigurationPlatforms) = postSolution
		{4793F511-AEBB-4108-8E8A-64D32C8828AF}.Debug|Any CPU.ActiveCfg = Debug|Any CPU
		{4793F511-AEBB-4108-8E8A-64D32C8828AF}.Debug|Any CPU.Build.0 = Debug|Any CPU
		{4793F511-AEBB-4108-8E8A-64D32C8828AF}.Release|Any CPU.ActiveCfg = Release|Any CPU
		{4793F511-AEBB-4108-8E8A-64D32C8828AF}.Release|Any CPU.Build.0 = Release|Any CPU
	EndGlobalSection
	GlobalSection(SolutionProperties) = preSolution
		HideSolutionNode = FALSE
	EndGlobalSection
	GlobalSection(ExtensibilityGlobals) = postSolution
		SolutionGuid = {56298628-4380-4C37-8AC5-FBF353E046DD}
	EndGlobalSection
EndGlobal
